
Microsoft Visual Studio Solution File, Format Version 12.00
# Visual Studio Version 17
VisualStudioVersion = 17.2.32630.192
MinimumVisualStudioVersion = 10.0.40219.1
Project("{9A19103F-16F7-4668-BE54-9A1E7A4F7556}") = "LabStreamer.Domain", "LabStreamer.Domain\LabStreamer.Domain.csproj", "{3C1C08BB-B186-42CD-945F-73020575B981}"
EndProject
Project("{9A19103F-16F7-4668-BE54-9A1E7A4F7556}") = "LabStreamer.Repository", "LabStreamer.Repository\LabStreamer.Repository.csproj", "{9EA80FB4-F6F6-4C94-B954-7291CD98C552}"
EndProject
Project("{9A19103F-16F7-4668-BE54-9A1E7A4F7556}") = "LabStreamer.Api", "LabStreamer.Api\LabStreamer.Api.csproj", "{C7E11ADF-F7C9-4522-A70A-85EAD4C3B749}"
EndProject
Project("{FAE04EC0-301F-11D3-BF4B-00C04F79EFBC}") = "LabStreamer.Application", "LabStreamer.Application\LabStreamer.Application.csproj", "{8AF0C58F-CB30-4F88-85CF-9073425087F3}"
EndProject
Global
	GlobalSection(SolutionConfigurationPlatforms) = preSolution
		Debug|Any CPU = Debug|Any CPU
		Release|Any CPU = Release|Any CPU
	EndGlobalSection
	GlobalSection(ProjectConfigurationPlatforms) = postSolution
		{3C1C08BB-B186-42CD-945F-73020575B981}.Debug|Any CPU.ActiveCfg = Debug|Any CPU
		{3C1C08BB-B186-42CD-945F-73020575B981}.Debug|Any CPU.Build.0 = Debug|Any CPU
		{3C1C08BB-B186-42CD-945F-73020575B981}.Release|Any CPU.ActiveCfg = Release|Any CPU
		{3C1C08BB-B186-42CD-945F-73020575B981}.Release|Any CPU.Build.0 = Release|Any CPU
		{9EA80FB4-F6F6-4C94-B954-7291CD98C552}.Debug|Any CPU.ActiveCfg = Debug|Any CPU
		{9EA80FB4-F6F6-4C94-B954-7291CD98C552}.Debug|Any CPU.Build.0 = Debug|Any CPU
		{9EA80FB4-F6F6-4C94-B954-7291CD98C552}.Release|Any CPU.ActiveCfg = Release|Any CPU
		{9EA80FB4-F6F6-4C94-B954-7291CD98C552}.Release|Any CPU.Build.0 = Release|Any CPU
		{C7E11ADF-F7C9-4522-A70A-85EAD4C3B749}.Debug|Any CPU.ActiveCfg = Debug|Any CPU
		{C7E11ADF-F7C9-4522-A70A-85EAD4C3B749}.Debug|Any CPU.Build.0 = Debug|Any CPU
		{C7E11ADF-F7C9-4522-A70A-85EAD4C3B749}.Release|Any CPU.ActiveCfg = Release|Any CPU
		{C7E11ADF-F7C9-4522-A70A-85EAD4C3B749}.Release|Any CPU.Build.0 = Release|Any CPU
		{8AF0C58F-CB30-4F88-85CF-9073425087F3}.Debug|Any CPU.ActiveCfg = Debug|Any CPU
		{8AF0C58F-CB30-4F88-85CF-9073425087F3}.Debug|Any CPU.Build.0 = Debug|Any CPU
		{8AF0C58F-CB30-4F88-85CF-9073425087F3}.Release|Any CPU.ActiveCfg = Release|Any CPU
		{8AF0C58F-CB30-4F88-85CF-9073425087F3}.Release|Any CPU.Build.0 = Release|Any CPU
	EndGlobalSection
	GlobalSection(SolutionProperties) = preSolution
		HideSolutionNode = FALSE
	EndGlobalSection
	GlobalSection(ExtensibilityGlobals) = postSolution
		SolutionGuid = {056DAF47-6C5B-48D2-8B93-40D012E5E321}
	EndGlobalSection
EndGlobal
